lockfileVersion: '9.0'

settings:
  autoInstallPeers: true
  excludeLinksFromLockfile: false

importers:

  .:
    devDependencies:
      rimraf:
        specifier: ^6.1.2
        version: 6.1.2
      rolldown:
        specifier: 1.0.0-beta.54
        version: 1.0.0-beta.54

packages:

  '@emnapi/core@1.7.1':
    resolution: {integrity: sha512-o1uhUASyo921r2XtHYOHy7gdkGLge8ghBEQHMWmyJFoXlpU58kIrhhN3w26lpQb6dspetweapMn2CSNwQ8I4wg==}

  '@emnapi/runtime@1.7.1':
    resolution: {integrity: sha512-PVtJr5CmLwYAU9PZDMITZoR5iAOShYREoR45EyyLrbntV50mdePTgUn4AmOw90Ifcj+x2kRjdzr1HP3RrNiHGA==}

  '@emnapi/wasi-threads@1.1.0':
    resolution: {integrity: sha512-WI0DdZ8xFSbgMjR1sFsKABJ/C5OnRrjT06JXbZKexJGrDuPTzZdDYfFlsgcCXCyf+suG5QU2e/y1Wo2V/OapLQ==}

  '@isaacs/balanced-match@4.0.1':
    resolution: {integrity: sha512-yzMTt9lEb8Gv7zRioUilSglI0c0smZ9k5D65677DLWLtWJaXIS3CqcGyUFByYKlnUj6TkjLVs54fBl6+TiGQDQ==}
    engines: {node: 20 || >=22}

  '@isaacs/brace-expansion@5.0.0':
    resolution: {integrity: sha512-ZT55BDLV0yv0RBm2czMiZ+SqCGO7AvmOM3G/w2xhVPH+te0aKgFjmBvGlL1dH+ql2tgGO3MVrbb3jCKyvpgnxA==}
    engines: {node: 20 || >=22}

  '@napi-rs/wasm-runtime@1.1.0':
    resolution: {integrity: sha512-Fq6DJW+Bb5jaWE69/qOE0D1TUN9+6uWhCeZpdnSBk14pjLcCWR7Q8n49PTSPHazM37JqrsdpEthXy2xn6jWWiA==}

  '@oxc-project/types@0.102.0':
    resolution: {integrity: sha512-8Skrw405g+/UJPKWJ1twIk3BIH2nXdiVlVNtYT23AXVwpsd79es4K+KYt06Fbnkc5BaTvk/COT2JuCLYdwnCdA==}

  '@rolldown/binding-android-arm64@1.0.0-beta.54':
    resolution: {integrity: sha512-zZRx/ur3Fai3fxiEmVp48+6GCBR48PRWJR1X3TTMn9yiq2bBHlYPgBaQtDOYWXv5H3J5dXujeTyGnuoY+kdGCg==}
    engines: {node: ^20.19.0 || >=22.12.0}
    cpu: [arm64]
    os: [android]

  '@rolldown/binding-darwin-arm64@1.0.0-beta.54':
    resolution: {integrity: sha512-zMyFEJmbIs91x22HAA/eUvmZHgjX8tGsD3TJ+WC9aY4bCdl3w84H9vMZmChSHAF1dYvGNH4KQDI2IubeZaCYtg==}
    engines: {node: ^20.19.0 || >=22.12.0}
    cpu: [arm64]
    os: [darwin]

  '@rolldown/binding-darwin-x64@1.0.0-beta.54':
    resolution: {integrity: sha512-Ex7QttdaVnEpmE/zroUT5Qm10e2+Vjd9q0LX9eXm59SitxDODMpC8GI1Rct5RrLf4GLU4DzdXBj6DGzuR+6g6w==}
    engines: {node: ^20.19.0 || >=22.12.0}
    cpu: [x64]
    os: [darwin]

  '@rolldown/binding-freebsd-x64@1.0.0-beta.54':
    resolution: {integrity: sha512-E1XO10ryM/Vxw3Q1wvs9s2mSpVBfbHtzkbJcdu26qh17ZmVwNWLiIoqEcbkXm028YwkReG4Gd2gCZ3NxgTQ28Q==}
    engines: {node: ^20.19.0 || >=22.12.0}
    cpu: [x64]
    os: [freebsd]

  '@rolldown/binding-linux-arm-gnueabihf@1.0.0-beta.54':
    resolution: {integrity: sha512-oS73Uks8jczQR9pg0Bj718vap/x71exyJ5yuxu4X5V4MhwRQnky7ANSPm6ARUfraxOqt49IBfcMeGnw2rTSqdA==}
    engines: {node: ^20.19.0 || >=22.12.0}
    cpu: [arm]
    os: [linux]

  '@rolldown/binding-linux-arm64-gnu@1.0.0-beta.54':
    resolution: {integrity: sha512-pY8N2X5C+/ZQcy0eRdfOzOP//OFngP1TaIqDjFwfBPws2UNavKS8SpxhPEgUaYIaT0keVBd/TB+eVy9z+CIOtw==}
    engines: {node: ^20.19.0 || >=22.12.0}
    cpu: [arm64]
    os: [linux]

  '@rolldown/binding-linux-arm64-musl@1.0.0-beta.54':
    resolution: {integrity: sha512-cgTooAFm2MUmFriB7IYaWBNyqrGlRPKG+yaK2rGFl2rcdOcO24urY4p3eyB0ogqsRLvJbIxwjjYiWiIP7Eo1Cw==}
    engines: {node: ^20.19.0 || >=22.12.0}
    cpu: [arm64]
    os: [linux]

  '@rolldown/binding-linux-x64-gnu@1.0.0-beta.54':
    resolution: {integrity: sha512-nGyLT1Qau0W+kEL44V2jhHmvfS3wyJW08E4WEu2E6NuIy+uChKN1X0aoxzFIDi2owDsYaZYez/98/f268EupIQ==}
    engines: {node: ^20.19.0 || >=22.12.0}
    cpu: [x64]
    os: [linux]

  '@rolldown/binding-linux-x64-musl@1.0.0-beta.54':
    resolution: {integrity: sha512-KH374P0TUjDXssROT/orvzaWrzGOptD13PTrltgKwbDprJTMknoLiYsOD6Ttz92O2VuAcCtFuJ1xbyFM2Uo/Xg==}
    engines: {node: ^20.19.0 || >=22.12.0}
    cpu: [x64]
    os: [linux]

  '@rolldown/binding-openharmony-arm64@1.0.0-beta.54':
    resolution: {integrity: sha512-oMAVO4wbfAbhpBxPsSp8R7ntL2DchpNfO+tGhN8/sI9jsbYwOv78uIW1fTwOBslhjTVFltGJ+l23mubNQcYNaQ==}
    engines: {node: ^20.19.0 || >=22.12.0}
    cpu: [arm64]
    os: [openharmony]

  '@rolldown/binding-wasm32-wasi@1.0.0-beta.54':
    resolution: {integrity: sha512-MYY/FmY+HehHiQkNx04W5oLy/Fqd1hXYqZmmorSDXvAHnxMbSgmdFicKsSYOg/sVGHBMEP1tTn6kV5sWrS45rA==}
    engines: {node: '>=14.0.0'}
    cpu: [wasm32]

  '@rolldown/binding-win32-arm64-msvc@1.0.0-beta.54':
    resolution: {integrity: sha512-66o3uKxUmcYskT9exskxs3OVduXf5x0ndlMkYOjSpBgqzhLtkub136yDvZkNT1OkNDET0odSwcU7aWdpnwzAyg==}
    engines: {node: ^20.19.0 || >=22.12.0}
    cpu: [arm64]
    os: [win32]

  '@rolldown/binding-win32-x64-msvc@1.0.0-beta.54':
    resolution: {integrity: sha512-FbbbrboChLBXfeEsOfaypBGqzbdJ/CcSA2BPLCggojnIHy58Jo+AXV7HATY8opZk7194rRbokIT8AfPJtZAWtg==}
    engines: {node: ^20.19.0 || >=22.12.0}
    cpu: [x64]
    os: [win32]

  '@rolldown/pluginutils@1.0.0-beta.54':
    resolution: {integrity: sha512-AHgcZ+w7RIRZ65ihSQL8YuoKcpD9Scew4sEeP1BBUT9QdTo6KjwHrZZXjID6nL10fhKessCH6OPany2QKwAwTQ==}

  '@tybys/wasm-util@0.10.1':
    resolution: {integrity: sha512-9tTaPJLSiejZKx+Bmog4uSubteqTvFrVrURwkmHixBo0G4seD0zUxp98E1DzUBJxLQ3NPwXrGKDiVjwx/DpPsg==}

  glob@13.0.0:
    resolution: {integrity: sha512-tvZgpqk6fz4BaNZ66ZsRaZnbHvP/jG3uKJvAZOwEVUL4RTA5nJeeLYfyN9/VA8NX/V3IBG+hkeuGpKjvELkVhA==}
    engines: {node: 20 || >=22}

  lru-cache@11.2.4:
    resolution: {integrity: sha512-B5Y16Jr9LB9dHVkh6ZevG+vAbOsNOYCX+sXvFWFu7B3Iz5mijW3zdbMyhsh8ANd2mSWBYdJgnqi+mL7/LrOPYg==}
    engines: {node: 20 || >=22}

  minimatch@10.1.1:
    resolution: {integrity: sha512-enIvLvRAFZYXJzkCYG5RKmPfrFArdLv+R+lbQ53BmIMLIry74bjKzX6iHAm8WYamJkhSSEabrWN5D97XnKObjQ==}
    engines: {node: 20 || >=22}

  minipass@7.1.2:
    resolution: {integrity: sha512-qOOzS1cBTWYF4BH8fVePDBOO9iptMnGUEZwNc/cMWnTV2nVLZ7VoNWEPHkYczZA0pdoA7dl6e7FL659nX9S2aw==}
    engines: {node: '>=16 || 14 >=14.17'}

  package-json-from-dist@1.0.1:
    resolution: {integrity: sha512-UEZIS3/by4OC8vL3P2dTXRETpebLI2NiI5vIrjaD/5UtrkFX/tNbwjTSRAGC/+7CAo2pIcBaRgWmcBBHcsaCIw==}

  path-scurry@2.0.1:
    resolution: {integrity: sha512-oWyT4gICAu+kaA7QWk/jvCHWarMKNs6pXOGWKDTr7cw4IGcUbW+PeTfbaQiLGheFRpjo6O9J0PmyMfQPjH71oA==}
    engines: {node: 20 || >=22}

  rimraf@6.1.2:
    resolution: {integrity: sha512-cFCkPslJv7BAXJsYlK1dZsbP8/ZNLkCAQ0bi1hf5EKX2QHegmDFEFA6QhuYJlk7UDdc+02JjO80YSOrWPpw06g==}
    engines: {node: 20 || >=22}
    hasBin: true

  rolldown@1.0.0-beta.54:
    resolution: {integrity: sha512-3lIvjCWgjPL3gmiATUdV1NeVBGJZy6FdtwgLPol25tAkn46Q/MsVGfCSNswXwFOxGrxglPaN20IeALSIFuFyEg==}
    engines: {node: ^20.19.0 || >=22.12.0}
    hasBin: true

  tslib@2.8.1:
    resolution: {integrity: sha512-oJFu94HQb+KVduSUQL7wnpmqnfmLsOA/nAh6b6EH0wCEoK0/mPeXU6c3wKDV83MkOuHPRHtSXKKU99IBazS/2w==}

snapshots:

  '@emnapi/core@1.7.1':
    dependencies:
      '@emnapi/wasi-threads': 1.1.0
      tslib: 2.8.1
    optional: true

  '@emnapi/runtime@1.7.1':
    dependencies:
      tslib: 2.8.1
    optional: true

  '@emnapi/wasi-threads@1.1.0':
    dependencies:
      tslib: 2.8.1
    optional: true

  '@isaacs/balanced-match@4.0.1': {}

  '@isaacs/brace-expansion@5.0.0':
    dependencies:
      '@isaacs/balanced-match': 4.0.1

  '@napi-rs/wasm-runtime@1.1.0':
    dependencies:
      '@emnapi/core': 1.7.1
      '@emnapi/runtime': 1.7.1
      '@tybys/wasm-util': 0.10.1
    optional: true

  '@oxc-project/types@0.102.0': {}

  '@rolldown/binding-android-arm64@1.0.0-beta.54':
    optional: true

  '@rolldown/binding-darwin-arm64@1.0.0-beta.54':
    optional: true

  '@rolldown/binding-darwin-x64@1.0.0-beta.54':
    optional: true

  '@rolldown/binding-freebsd-x64@1.0.0-beta.54':
    optional: true

  '@rolldown/binding-linux-arm-gnueabihf@1.0.0-beta.54':
    optional: true

  '@rolldown/binding-linux-arm64-gnu@1.0.0-beta.54':
    optional: true

  '@rolldown/binding-linux-arm64-musl@1.0.0-beta.54':
    optional: true

  '@rolldown/binding-linux-x64-gnu@1.0.0-beta.54':
    optional: true

  '@rolldown/binding-linux-x64-musl@1.0.0-beta.54':
    optional: true

  '@rolldown/binding-openharmony-arm64@1.0.0-beta.54':
    optional: true

  '@rolldown/binding-wasm32-wasi@1.0.0-beta.54':
    dependencies:
      '@napi-rs/wasm-runtime': 1.1.0
    optional: true

  '@rolldown/binding-win32-arm64-msvc@1.0.0-beta.54':
    optional: true

  '@rolldown/binding-win32-x64-msvc@1.0.0-beta.54':
    optional: true

  '@rolldown/pluginutils@1.0.0-beta.54': {}

  '@tybys/wasm-util@0.10.1':
    dependencies:
      tslib: 2.8.1
    optional: true

  glob@13.0.0:
    dependencies:
      minimatch: 10.1.1
      minipass: 7.1.2
      path-scurry: 2.0.1

  lru-cache@11.2.4: {}

  minimatch@10.1.1:
    dependencies:
      '@isaacs/brace-expansion': 5.0.0

  minipass@7.1.2: {}

  package-json-from-dist@1.0.1: {}

  path-scurry@2.0.1:
    dependencies:
      lru-cache: 11.2.4
      minipass: 7.1.2

  rimraf@6.1.2:
    dependencies:
      glob: 13.0.0
      package-json-from-dist: 1.0.1

  rolldown@1.0.0-beta.54:
    dependencies:
      '@oxc-project/types': 0.102.0
      '@rolldown/pluginutils': 1.0.0-beta.54
    optionalDependencies:
      '@rolldown/binding-android-arm64': 1.0.0-beta.54
      '@rolldown/binding-darwin-arm64': 1.0.0-beta.54
      '@rolldown/binding-darwin-x64': 1.0.0-beta.54
      '@rolldown/binding-freebsd-x64': 1.0.0-beta.54
      '@rolldown/binding-linux-arm-gnueabihf': 1.0.0-beta.54
      '@rolldown/binding-linux-arm64-gnu': 1.0.0-beta.54
      '@rolldown/binding-linux-arm64-musl': 1.0.0-beta.54
      '@rolldown/binding-linux-x64-gnu': 1.0.0-beta.54
      '@rolldown/binding-linux-x64-musl': 1.0.0-beta.54
      '@rolldown/binding-openharmony-arm64': 1.0.0-beta.54
      '@rolldown/binding-wasm32-wasi': 1.0.0-beta.54
      '@rolldown/binding-win32-arm64-msvc': 1.0.0-beta.54
      '@rolldown/binding-win32-x64-msvc': 1.0.0-beta.54

  tslib@2.8.1:
    optional: true
